
Microsoft Visual Studio Solution File, Format Version 12.00
# Visual Studio Version 17
VisualStudioVersion = 17.9.34701.34
MinimumVisualStudioVersion = 10.0.40219.1
Project("{FAE04EC0-301F-11D3-BF4B-00C04F79EFBC}") = "sqliteKepek", "sqliteKepek\sqliteKepek.csproj", "{A98CFF13-9DE6-40B6-813A-8F96B70EEEE7}"
EndProject
Global
	GlobalSection(SolutionConfigurationPlatforms) = preSolution
		Debug|Any CPU = Debug|Any CPU
		Release|Any CPU = Release|Any CPU
	EndGlobalSection
	GlobalSection(ProjectConfigurationPlatforms) = postSolution
		{A98CFF13-9DE6-40B6-813A-8F96B70EEEE7}.Debug|Any CPU.ActiveCfg = Debug|Any CPU
		{A98CFF13-9DE6-40B6-813A-8F96B70EEEE7}.Debug|Any CPU.Build.0 = Debug|Any CPU
		{A98CFF13-9DE6-40B6-813A-8F96B70EEEE7}.Release|Any CPU.ActiveCfg = Release|Any CPU
		{A98CFF13-9DE6-40B6-813A-8F96B70EEEE7}.Release|Any CPU.Build.0 = Release|Any CPU
	EndGlobalSection
	GlobalSection(SolutionProperties) = preSolution
		HideSolutionNode = FALSE
	EndGlobalSection
	GlobalSection(ExtensibilityGlobals) = postSolution
		SolutionGuid = {1E7D0375-D327-4A45-B2E4-3A6E197F6FCC}
	EndGlobalSection
EndGlobal
